
Microsoft Visual Studio Solution File, Format Version 12.00
# Visual Studio Version 17
VisualStudioVersion = 17.4.33213.308
MinimumVisualStudioVersion = 10.0.40219.1
Project("{9A19103F-16F7-4668-BE54-9A1E7A4F7556}") = "Terningen", "Terningen.csproj", "{1DE8149B-717A-44BC-A7F5-BA0A2A249116}"
EndProject
Project("{9A19103F-16F7-4668-BE54-9A1E7A4F7556}") = "BMI", "..\BMI\BMI.csproj", "{8A12C3FB-B40B-4EF8-AE88-95B66B734C81}"
EndProject
Project("{FAE04EC0-301F-11D3-BF4B-00C04F79EFBC}") = "Morsekoden", "..\Morsekoden\Morsekoden.csproj", "{77518794-B372-487C-A7D8-AF8C6055B5D1}"
EndProject
Global
	GlobalSection(SolutionConfigurationPlatforms) = preSolution
		Debug|Any CPU = Debug|Any CPU
		Release|Any CPU = Release|Any CPU
	EndGlobalSection
	GlobalSection(ProjectConfigurationPlatforms) = postSolution
		{1DE8149B-717A-44BC-A7F5-BA0A2A249116}.Debug|Any CPU.ActiveCfg = Debug|Any CPU
		{1DE8149B-717A-44BC-A7F5-BA0A2A249116}.Debug|Any CPU.Build.0 = Debug|Any CPU
		{1DE8149B-717A-44BC-A7F5-BA0A2A249116}.Release|Any CPU.ActiveCfg = Release|Any CPU
		{1DE8149B-717A-44BC-A7F5-BA0A2A249116}.Release|Any CPU.Build.0 = Release|Any CPU
		{8A12C3FB-B40B-4EF8-AE88-95B66B734C81}.Debug|Any CPU.ActiveCfg = Debug|Any CPU
		{8A12C3FB-B40B-4EF8-AE88-95B66B734C81}.Debug|Any CPU.Build.0 = Debug|Any CPU
		{8A12C3FB-B40B-4EF8-AE88-95B66B734C81}.Release|Any CPU.ActiveCfg = Release|Any CPU
		{8A12C3FB-B40B-4EF8-AE88-95B66B734C81}.Release|Any CPU.Build.0 = Release|Any CPU
		{77518794-B372-487C-A7D8-AF8C6055B5D1}.Debug|Any CPU.ActiveCfg = Debug|Any CPU
		{77518794-B372-487C-A7D8-AF8C6055B5D1}.Debug|Any CPU.Build.0 = Debug|Any CPU
		{77518794-B372-487C-A7D8-AF8C6055B5D1}.Release|Any CPU.ActiveCfg = Release|Any CPU
		{77518794-B372-487C-A7D8-AF8C6055B5D1}.Release|Any CPU.Build.0 = Release|Any CPU
	EndGlobalSection
	GlobalSection(SolutionProperties) = preSolution
		HideSolutionNode = FALSE
	EndGlobalSection
	GlobalSection(ExtensibilityGlobals) = postSolution
		SolutionGuid = {40521421-BCFA-408B-9D56-CBC1B1BAF56A}
	EndGlobalSection
EndGlobal
